
Microsoft Visual Studio Solution File, Format Version 12.00
# Visual Studio Version 17
VisualStudioVersion = 17.11.35327.3
MinimumVisualStudioVersion = 10.0.40219.1
Project("{FAE04EC0-301F-11D3-BF4B-00C04F79EFBC}") = "WTT", "WTT.csproj", "{7898ABAC-C301-434A-B17B-FB9261642E29}"
EndProject
Global
	GlobalSection(SolutionConfigurationPlatforms) = preSolution
		Debug|Any CPU = Debug|Any CPU
		Release|Any CPU = Release|Any CPU
	EndGlobalSection
	GlobalSection(ProjectConfigurationPlatforms) = postSolution
		{7898ABAC-C301-434A-B17B-FB9261642E29}.Debug|Any CPU.ActiveCfg = Debug|Any CPU
		{7898ABAC-C301-434A-B17B-FB9261642E29}.Debug|Any CPU.Build.0 = Debug|Any CPU
		{7898ABAC-C301-434A-B17B-FB9261642E29}.Release|Any CPU.ActiveCfg = Release|Any CPU
		{7898ABAC-C301-434A-B17B-FB9261642E29}.Release|Any CPU.Build.0 = Release|Any CPU
	EndGlobalSection
	GlobalSection(SolutionProperties) = preSolution
		HideSolutionNode = FALSE
	EndGlobalSection
	GlobalSection(ExtensibilityGlobals) = postSolution
		SolutionGuid = {BADCC43D-36ED-40D9-9DE7-0D157E02A250}
	EndGlobalSection
EndGlobal
